
Microsoft Visual Studio Solution File, Format Version 12.00
# Visual Studio 15
VisualStudioVersion = 15.0.27703.2035
MinimumVisualStudioVersion = 10.0.40219.1
Project("{9A19103F-16F7-4668-BE54-9A1E7A4F7556}") = "ProductoInvent", "ProductoInvent\ProductoInvent.csproj", "{140C35F3-70EB-486B-AEA9-1477CCF2A0EF}"
EndProject
Global
	GlobalSection(SolutionConfigurationPlatforms) = preSolution
		Debug|Any CPU = Debug|Any CPU
		Release|Any CPU = Release|Any CPU
	EndGlobalSection
	GlobalSection(ProjectConfigurationPlatforms) = postSolution
		{140C35F3-70EB-486B-AEA9-1477CCF2A0EF}.Debug|Any CPU.ActiveCfg = Debug|Any CPU
		{140C35F3-70EB-486B-AEA9-1477CCF2A0EF}.Debug|Any CPU.Build.0 = Debug|Any CPU
		{140C35F3-70EB-486B-AEA9-1477CCF2A0EF}.Release|Any CPU.ActiveCfg = Release|Any CPU
		{140C35F3-70EB-486B-AEA9-1477CCF2A0EF}.Release|Any CPU.Build.0 = Release|Any CPU
	EndGlobalSection
	GlobalSection(SolutionProperties) = preSolution
		HideSolutionNode = FALSE
	EndGlobalSection
	GlobalSection(ExtensibilityGlobals) = postSolution
		SolutionGuid = {7A53C0A1-A431-4374-8252-4C5BBA598317}
	EndGlobalSection
EndGlobal
